
Microsoft Visual Studio Solution File, Format Version 12.00
# Visual Studio Version 16
VisualStudioVersion = 16.0.31702.278
MinimumVisualStudioVersion = 10.0.40219.1
Project("{9A19103F-16F7-4668-BE54-9A1E7A4F7556}") = "Ladeskab.Application", "Ladeskab\Ladeskab.Application.csproj", "{8F916871-A238-4DE6-ABC3-C4982DFBE798}"
EndProject
Project("{9A19103F-16F7-4668-BE54-9A1E7A4F7556}") = "Ladeskab.Test.Unit", "Ladeskab.Test.Unit\Ladeskab.Test.Unit.csproj", "{94A0F8EA-63DD-43EE-93E9-02324734CE96}"
EndProject
Project("{FAE04EC0-301F-11D3-BF4B-00C04F79EFBC}") = "Ladeskab", "Ladeskab\Ladeskab.csproj", "{57F1C794-420F-409B-8340-7C4E96358E5F}"
EndProject
Global
	GlobalSection(SolutionConfigurationPlatforms) = preSolution
		Debug|Any CPU = Debug|Any CPU
		Release|Any CPU = Release|Any CPU
	EndGlobalSection
	GlobalSection(ProjectConfigurationPlatforms) = postSolution
		{8F916871-A238-4DE6-ABC3-C4982DFBE798}.Debug|Any CPU.ActiveCfg = Debug|Any CPU
		{8F916871-A238-4DE6-ABC3-C4982DFBE798}.Debug|Any CPU.Build.0 = Debug|Any CPU
		{8F916871-A238-4DE6-ABC3-C4982DFBE798}.Release|Any CPU.ActiveCfg = Release|Any CPU
		{8F916871-A238-4DE6-ABC3-C4982DFBE798}.Release|Any CPU.Build.0 = Release|Any CPU
		{94A0F8EA-63DD-43EE-93E9-02324734CE96}.Debug|Any CPU.ActiveCfg = Debug|Any CPU
		{94A0F8EA-63DD-43EE-93E9-02324734CE96}.Debug|Any CPU.Build.0 = Debug|Any CPU
		{94A0F8EA-63DD-43EE-93E9-02324734CE96}.Release|Any CPU.ActiveCfg = Release|Any CPU
		{94A0F8EA-63DD-43EE-93E9-02324734CE96}.Release|Any CPU.Build.0 = Release|Any CPU
		{57F1C794-420F-409B-8340-7C4E96358E5F}.Debug|Any CPU.ActiveCfg = Debug|Any CPU
		{57F1C794-420F-409B-8340-7C4E96358E5F}.Debug|Any CPU.Build.0 = Debug|Any CPU
		{57F1C794-420F-409B-8340-7C4E96358E5F}.Release|Any CPU.ActiveCfg = Release|Any CPU
		{57F1C794-420F-409B-8340-7C4E96358E5F}.Release|Any CPU.Build.0 = Release|Any CPU
	EndGlobalSection
	GlobalSection(SolutionProperties) = preSolution
		HideSolutionNode = FALSE
	EndGlobalSection
	GlobalSection(ExtensibilityGlobals) = postSolution
		SolutionGuid = {39C48B84-6994-4471-AA24-686288839008}
	EndGlobalSection
EndGlobal
